
Microsoft Visual Studio Solution File, Format Version 12.00
# Visual Studio Version 17
VisualStudioVersion = 17.11.35327.3
MinimumVisualStudioVersion = 10.0.40219.1
Project("{FAE04EC0-301F-11D3-BF4B-00C04F79EFBC}") = "P5_3_714230070", "P5_3_714230070\P5_3_714230070.csproj", "{2D649504-86DF-4C28-A916-EC1FBFD6A887}"
EndProject
Global
	GlobalSection(SolutionConfigurationPlatforms) = preSolution
		Debug|Any CPU = Debug|Any CPU
		Release|Any CPU = Release|Any CPU
	EndGlobalSection
	GlobalSection(ProjectConfigurationPlatforms) = postSolution
		{2D649504-86DF-4C28-A916-EC1FBFD6A887}.Debug|Any CPU.ActiveCfg = Debug|Any CPU
		{2D649504-86DF-4C28-A916-EC1FBFD6A887}.Debug|Any CPU.Build.0 = Debug|Any CPU
		{2D649504-86DF-4C28-A916-EC1FBFD6A887}.Release|Any CPU.ActiveCfg = Release|Any CPU
		{2D649504-86DF-4C28-A916-EC1FBFD6A887}.Release|Any CPU.Build.0 = Release|Any CPU
	EndGlobalSection
	GlobalSection(SolutionProperties) = preSolution
		HideSolutionNode = FALSE
	EndGlobalSection
	GlobalSection(ExtensibilityGlobals) = postSolution
		SolutionGuid = {026CCCC0-EB8D-4E3E-92ED-10274E245F7D}
	EndGlobalSection
EndGlobal
