
Microsoft Visual Studio Solution File, Format Version 12.00
# Visual Studio Version 17
VisualStudioVersion = 17.11.35327.3
MinimumVisualStudioVersion = 10.0.40219.1
Project("{FAE04EC0-301F-11D3-BF4B-00C04F79EFBC}") = "P4_2_714230070", "P4_2_714230070\P4_2_714230070.csproj", "{2A6CF583-B696-4041-8AAD-0AB8315C7709}"
EndProject
Global
	GlobalSection(SolutionConfigurationPlatforms) = preSolution
		Debug|Any CPU = Debug|Any CPU
		Release|Any CPU = Release|Any CPU
	EndGlobalSection
	GlobalSection(ProjectConfigurationPlatforms) = postSolution
		{2A6CF583-B696-4041-8AAD-0AB8315C7709}.Debug|Any CPU.ActiveCfg = Debug|Any CPU
		{2A6CF583-B696-4041-8AAD-0AB8315C7709}.Debug|Any CPU.Build.0 = Debug|Any CPU
		{2A6CF583-B696-4041-8AAD-0AB8315C7709}.Release|Any CPU.ActiveCfg = Release|Any CPU
		{2A6CF583-B696-4041-8AAD-0AB8315C7709}.Release|Any CPU.Build.0 = Release|Any CPU
	EndGlobalSection
	GlobalSection(SolutionProperties) = preSolution
		HideSolutionNode = FALSE
	EndGlobalSection
	GlobalSection(ExtensibilityGlobals) = postSolution
		SolutionGuid = {B3D4D2EE-4C5D-4979-9458-A27F110DC8B5}
	EndGlobalSection
EndGlobal
